
Microsoft Visual Studio Solution File, Format Version 12.00
# Visual Studio 2012
Project("{FAE04EC0-301F-11D3-BF4B-00C04F79EFBC}") = "ReportAutomation", "ReportAutomation\ReportAutomation.csproj", "{1FF2BDBE-0BCC-49E5-941E-D9D1E8970D70}"
EndProject
Project("{FAE04EC0-301F-11D3-BF4B-00C04F79EFBC}") = "TfsService", "TfsService\TfsService.csproj", "{0463B135-A31D-450B-8293-916B752380B9}"
EndProject
Global
	GlobalSection(SolutionConfigurationPlatforms) = preSolution
		Debug|Any CPU = Debug|Any CPU
		Release|Any CPU = Release|Any CPU
	EndGlobalSection
	GlobalSection(ProjectConfigurationPlatforms) = postSolution
		{1FF2BDBE-0BCC-49E5-941E-D9D1E8970D70}.Debug|Any CPU.ActiveCfg = Debug|Any CPU
		{1FF2BDBE-0BCC-49E5-941E-D9D1E8970D70}.Debug|Any CPU.Build.0 = Debug|Any CPU
		{1FF2BDBE-0BCC-49E5-941E-D9D1E8970D70}.Release|Any CPU.ActiveCfg = Release|Any CPU
		{1FF2BDBE-0BCC-49E5-941E-D9D1E8970D70}.Release|Any CPU.Build.0 = Release|Any CPU
		{0463B135-A31D-450B-8293-916B752380B9}.Debug|Any CPU.ActiveCfg = Debug|Any CPU
		{0463B135-A31D-450B-8293-916B752380B9}.Debug|Any CPU.Build.0 = Debug|Any CPU
		{0463B135-A31D-450B-8293-916B752380B9}.Release|Any CPU.ActiveCfg = Release|Any CPU
		{0463B135-A31D-450B-8293-916B752380B9}.Release|Any CPU.Build.0 = Release|Any CPU
	EndGlobalSection
	GlobalSection(SolutionProperties) = preSolution
		HideSolutionNode = FALSE
	EndGlobalSection
EndGlobal
